// !$*UTF8*$!
{
	archiveVersion = 1;
	classes = {
	};
	objectVersion = 46;
	objects = {

/* Begin PBXBuildFile section */
		0111255F1F27118800B34EC5 /* main.m in Sources */ = {isa = PBXBuildFile; fileRef = 0111255E1F27118800B34EC5 /* main.m */; };
		011125621F27118800B34EC5 /* AppDelegate.m in Sources */ = {isa = PBXBuildFile; fileRef = 011125611F27118800B34EC5 /* AppDelegate.m */; };
		011125651F27118800B34EC5 /* ViewController.m in Sources */ = {isa = PBXBuildFile; fileRef = 011125641F27118800B34EC5 /* ViewController.m */; };
		011125681F27118800B34EC5 /* Main.storyboard in Resources */ = {isa = PBXBuildFile; fileRef = 011125661F27118800B34EC5 /* Main.storyboard */; };
		0111256A1F27118800B34EC5 /* Assets.xcassets in Resources */ = {isa = PBXBuildFile; fileRef = 011125691F27118800B34EC5 /* Assets.xcassets */; };
		0111256D1F27118800B34EC5 /* LaunchScreen.storyboard in Resources */ = {isa = PBXBuildFile; fileRef = 0111256B1F27118800B34EC5 /* LaunchScreen.storyboard */; };
		0111257D1F27141000B34EC5 /* ColorCircleProcessView.m in Sources */ = {isa = PBXBuildFile; fileRef = 0111257A1F27141000B34EC5 /* ColorCircleProcessView.m */; };
		0111257E1F27141000B34EC5 /* ColorLineProcessView.m in Sources */ = {isa = PBXBuildFile; fileRef = 0111257C1F27141000B34EC5 /* ColorLineProcessView.m */; };
/* End PBXBuildFile section */

/* Begin PBXFileReference section */
		0111255A1F27118800B34EC5 /* ColorProcess.app */ = {isa = PBXFileReference; explicitFileType = wrapper.application; includeInIndex = 0; path = ColorProcess.app; sourceTree = BUILT_PRODUCTS_DIR; };
		0111255E1F27118800B34EC5 /* main.m */ = {isa = PBXFileReference; lastKnownFileType = sourcecode.c.objc; path = main.m; sourceTree = "<group>"; };
		011125601F27118800B34EC5 /* AppDelegate.h */ = {isa = PBXFileReference; lastKnownFileType = sourcecode.c.h; path = AppDelegate.h; sourceTree = "<group>"; };
		011125611F27118800B34EC5 /* AppDelegate.m */ = {isa = PBXFileReference; lastKnownFileType = sourcecode.c.objc; path = AppDelegate.m; sourceTree = "<group>"; };
		011125631F27118800B34EC5 /* ViewController.h */ = {isa = PBXFileReference; lastKnownFileType = sourcecode.c.h; path = ViewController.h; sourceTree = "<group>"; };
		011125641F27118800B34EC5 /* ViewController.m */ = {isa = PBXFileReference; lastKnownFileType = sourcecode.c.objc; path = ViewController.m; sourceTree = "<group>"; };
		011125671F27118800B34EC5 /* Base */ = {isa = PBXFileReference; lastKnownFileType = file.storyboard; name = Base; path = Base.lproj/Main.storyboard; sourceTree = "<group>"; };
		011125691F27118800B34EC5 /* Assets.xcassets */ = {isa = PBXFileReference; lastKnownFileType = folder.assetcatalog; path = Assets.xcassets; sourceTree = "<group>"; };
		0111256C1F27118800B34EC5 /* Base */ = {isa = PBXFileReference; lastKnownFileType = file.storyboard; name = Base; path = Base.lproj/LaunchScreen.storyboard; sourceTree = "<group>"; };
		0111256E1F27118800B34EC5 /* Info.plist */ = {isa = PBXFileReference; lastKnownFileType = text.plist.xml; path = Info.plist; sourceTree = "<group>"; };
		011125791F27141000B34EC5 /* ColorCircleProcessView.h */ = {isa = PBXFileReference; fileEncoding = 4; lastKnownFileType = sourcecode.c.h; path = ColorCircleProcessView.h; sourceTree = "<group>"; };
		0111257A1F27141000B34EC5 /* ColorCircleProcessView.m */ = {isa = PBXFileReference; fileEncoding = 4; lastKnownFileType = sourcecode.c.objc; path = ColorCircleProcessView.m; sourceTree = "<group>"; };
		0111257B1F27141000B34EC5 /* ColorLineProcessView.h */ = {isa = PBXFileReference; fileEncoding = 4; lastKnownFileType = sourcecode.c.h; path = ColorLineProcessView.h; sourceTree = "<group>"; };
		0111257C1F27141000B34EC5 /* ColorLineProcessView.m */ = {isa = PBXFileReference; fileEncoding = 4; lastKnownFileType = sourcecode.c.objc; path = ColorLineProcessView.m; sourceTree = "<group>"; };
/* End PBXFileReference section */

/* Begin PBXFrameworksBuildPhase section */
		011125571F27118800B34EC5 /* Frameworks */ = {
			isa = PBXFrameworksBuildPhase;
			buildActionMask = 2147483647;
			files = (
			);
			runOnlyForDeploymentPostprocessing = 0;
		};
/* End PBXFrameworksBuildPhase section */

/* Begin PBXGroup section */
		011125511F27118800B34EC5 = {
			isa = PBXGroup;
			children = (
				0111255C1F27118800B34EC5 /* ColorProcess */,
				0111255B1F27118800B34EC5 /* Products */,
			);
			sourceTree = "<group>";
		};
		0111255B1F27118800B34EC5 /* Products */ = {
			isa = PBXGroup;
			children = (
				0111255A1F27118800B34EC5 /* ColorProcess.app */,
			);
			name = Products;
			sourceTree = "<group>";
		};
		0111255C1F27118800B34EC5 /* ColorProcess */ = {
			isa = PBXGroup;
			children = (
				011125751F27135400B34EC5 /* ColorProcessView */,
				011125601F27118800B34EC5 /* AppDelegate.h */,
				011125611F27118800B34EC5 /* AppDelegate.m */,
				011125631F27118800B34EC5 /* ViewController.h */,
				011125641F27118800B34EC5 /* ViewController.m */,
				011125661F27118800B34EC5 /* Main.storyboard */,
				011125691F27118800B34EC5 /* Assets.xcassets */,
				0111256B1F27118800B34EC5 /* LaunchScreen.storyboard */,
				0111256E1F27118800B34EC5 /* Info.plist */,
				0111255D1F27118800B34EC5 /* Supporting Files */,
			);
			path = ColorProcess;
			sourceTree = "<group>";
		};
		0111255D1F27118800B34EC5 /* Supporting Files */ = {
			isa = PBXGroup;
			children = (
				0111255E1F27118800B34EC5 /* main.m */,
			);
			name = "Supporting Files";
			sourceTree = "<group>";
		};
		011125751F27135400B34EC5 /* ColorProcessView */ = {
			isa = PBXGroup;
			children = (
				011125791F27141000B34EC5 /* ColorCircleProcessView.h */,
				0111257A1F27141000B34EC5 /* ColorCircleProcessView.m */,
				0111257B1F27141000B34EC5 /* ColorLineProcessView.h */,
				0111257C1F27141000B34EC5 /* ColorLineProcessView.m */,
			);
			path = ColorProcessView;
			sourceTree = "<group>";
		};
/* End PBXGroup section */

/* Begin PBXNativeTarget section */
		011125591F27118800B34EC5 /* ColorProcess */ = {
			isa = PBXNativeTarget;
			buildConfigurationList = 011125711F27118800B34EC5 /* Build configuration list for PBXNativeTarget "ColorProcess" */;
			buildPhases = (
				011125561F27118800B34EC5 /* Sources */,
				011125571F27118800B34EC5 /* Frameworks */,
				011125581F27118800B34EC5 /* Resources */,
			);
			buildRules = (
			);
			dependencies = (
			);
			name = ColorProcess;
			productName = ColorProcess;
			productReference = 0111255A1F27118800B34EC5 /* ColorProcess.app */;
			productType = "com.apple.product-type.application";
		};
/* End PBXNativeTarget section */

/* Begin PBXProject section */
		011125521F27118800B34EC5 /* Project object */ = {
			isa = PBXProject;
			attributes = {
				LastUpgradeCheck = 0830;
				ORGANIZATIONNAME = NE;
				TargetAttributes = {
					011125591F27118800B34EC5 = {
						CreatedOnToolsVersion = 8.3.3;
						ProvisioningStyle = Automatic;
					};
				};
			};
			buildConfigurationList = 011125551F27118800B34EC5 /* Build configuration list for PBXProject "ColorProcess" */;
			compatibilityVersion = "Xcode 3.2";
			developmentRegion = English;
			hasScannedForEncodings = 0;
			knownRegions = (
				en,
				Base,
			);
			mainGroup = 011125511F27118800B34EC5;
			productRefGroup = 0111255B1F27118800B34EC5 /* Products */;
			projectDirPath = "";
			projectRoot = "";
			targets = (
				011125591F27118800B34EC5 /* ColorProcess */,
			);
		};
/* End PBXProject section */

/* Begin PBXResourcesBuildPhase section */
		011125581F27118800B34EC5 /* Resources */ = {
			isa = PBXResourcesBuildPhase;
			buildActionMask = 2147483647;
			files = (
				0111256D1F27118800B34EC5 /* LaunchScreen.storyboard in Resources */,
				0111256A1F27118800B34EC5 /* Assets.xcassets in Resources */,
				011125681F27118800B34EC5 /* Main.storyboard in Resources */,
			);
			runOnlyForDeploymentPostprocessing = 0;
		};
/* End PBXResourcesBuildPhase section */

/* Begin PBXSourcesBuildPhase section */
		011125561F27118800B34EC5 /* Sources */ = {
			isa = PBXSourcesBuildPhase;
			buildActionMask = 2147483647;
			files = (
				0111257E1F27141000B34EC5 /* ColorLineProcessView.m in Sources */,
				011125651F27118800B34EC5 /* ViewController.m in Sources */,
				011125621F27118800B34EC5 /* AppDelegate.m in Sources */,
				0111257D1F27141000B34EC5 /* ColorCircleProcessView.m in Sources */,
				0111255F1F27118800B34EC5 /* main.m in Sources */,
			);
			runOnlyForDeploymentPostprocessing = 0;
		};
/* End PBXSourcesBuildPhase section */

/* Begin PBXVariantGroup section */
		011125661F27118800B34EC5 /* Main.storyboard */ = {
			isa = PBXVariantGroup;
			children = (
				011125671F27118800B34EC5 /* Base */,
			);
			name = Main.storyboard;
			sourceTree = "<group>";
		};
		0111256B1F27118800B34EC5 /* LaunchScreen.storyboard */ = {
			isa = PBXVariantGroup;
			children = (
				0111256C1F27118800B34EC5 /* Base */,
			);
			name = LaunchScreen.storyboard;
			sourceTree = "<group>";
		};
/* End PBXVariantGroup section */

/* Begin XCBuildConfiguration section */
		0111256F1F27118800B34EC5 /* Debug */ = {
			isa = XCBuildConfiguration;
			buildSettings = {
				ALWAYS_SEARCH_USER_PATHS = NO;
				CLANG_ANALYZER_NONNULL = YES;
				CLANG_ANALYZER_NUMBER_OBJECT_CONVERSION = YES_AGGRESSIVE;
				CLANG_CXX_LANGUAGE_STANDARD = "gnu++0x";
				CLANG_CXX_LIBRARY = "libc++";
				CLANG_ENABLE_MODULES = YES;
				CLANG_ENABLE_OBJC_ARC = YES;
				CLANG_WARN_BOOL_CONVERSION = YES;
				CLANG_WARN_CONSTANT_CONVERSION = YES;
				CLANG_WARN_DIRECT_OBJC_ISA_USAGE = YES_ERROR;
				CLANG_WARN_DOCUMENTATION_COMMENTS = YES;
				CLANG_WARN_EMPTY_BODY = YES;
				CLANG_WARN_ENUM_CONVERSION = YES;
				CLANG_WARN_INFINITE_RECURSION = YES;
				CLANG_WARN_INT_CONVERSION = YES;
				CLANG_WARN_OBJC_ROOT_CLASS = YES_ERROR;
				CLANG_WARN_SUSPICIOUS_MOVE = YES;
				CLANG_WARN_UNREACHABLE_CODE = YES;
				CLANG_WARN__DUPLICATE_METHOD_MATCH = YES;
				"CODE_SIGN_IDENTITY[sdk=iphoneos*]" = "iPhone Developer";
				COPY_PHASE_STRIP = NO;
				DEBUG_INFORMATION_FORMAT = dwarf;
				ENABLE_STRICT_OBJC_MSGSEND = YES;
				ENABLE_TESTABILITY = YES;
				GCC_C_LANGUAGE_STANDARD = gnu99;
				GCC_DYNAMIC_NO_PIC = NO;
				GCC_NO_COMMON_BLOCKS = YES;
				GCC_OPTIMIZATION_LEVEL = 0;
				GCC_PREPROCESSOR_DEFINITIONS = (
					"DEBUG=1",
					"$(inherited)",
				);
				GCC_WARN_64_TO_32_BIT_CONVERSION = YES;
				GCC_WARN_ABOUT_RETURN_TYPE = YES_ERROR;
				GCC_WARN_UNDECLARED_SELECTOR = YES;
				GCC_WARN_UNINITIALIZED_AUTOS = YES_AGGRESSIVE;
				GCC_WARN_UNUSED_FUNCTION = YES;
				GCC_WARN_UNUSED_VARIABLE = YES;
				IPHONEOS_DEPLOYMENT_TARGET = 10.3;
				MTL_ENABLE_DEBUG_INFO = YES;
				ONLY_ACTIVE_ARCH = YES;
				SDKROOT = iphoneos;
			};
			name = Debug;
		};
		011125701F27118800B34EC5 /* Release */ = {
			isa = XCBuildConfiguration;
			buildSettings = {
				ALWAYS_SEARCH_USER_PATHS = NO;
				CLANG_ANALYZER_NONNULL = YES;
				CLANG_ANALYZER_NUMBER_OBJECT_CONVERSION = YES_AGGRESSIVE;
				CLANG_CXX_LANGUAGE_STANDARD = "gnu++0x";
				CLANG_CXX_LIBRARY = "libc++";
				CLANG_ENABLE_MODULES = YES;
				CLANG_ENABLE_OBJC_ARC = YES;
				CLANG_WARN_BOOL_CONVERSION = YES;
				CLANG_WARN_CONSTANT_CONVERSION = YES;
				CLANG_WARN_DIRECT_OBJC_ISA_USAGE = YES_ERROR;
				CLANG_WARN_DOCUMENTATION_COMMENTS = YES;
				CLANG_WARN_EMPTY_BODY = YES;
				CLANG_WARN_ENUM_CONVERSION = YES;
				CLANG_WARN_INFINITE_RECURSION = YES;
				CLANG_WARN_INT_CONVERSION = YES;
				CLANG_WARN_OBJC_ROOT_CLASS = YES_ERROR;
				CLANG_WARN_SUSPICIOUS_MOVE = YES;
				CLANG_WARN_UNREACHABLE_CODE = YES;
				CLANG_WARN__DUPLICATE_METHOD_MATCH = YES;
				"CODE_SIGN_IDENTITY[sdk=iphoneos*]" = "iPhone Developer";
				COPY_PHASE_STRIP = NO;
				DEBUG_INFORMATION_FORMAT = "dwarf-with-dsym";
				ENABLE_NS_ASSERTIONS = NO;
				ENABLE_STRICT_OBJC_MSGSEND = YES;
				GCC_C_LANGUAGE_STANDARD = gnu99;
				GCC_NO_COMMON_BLOCKS = YES;
				GCC_WARN_64_TO_32_BIT_CONVERSION = YES;
				GCC_WARN_ABOUT_RETURN_TYPE = YES_ERROR;
				GCC_WARN_UNDECLARED_SELECTOR = YES;
				GCC_WARN_UNINITIALIZED_AUTOS = YES_AGGRESSIVE;
				GCC_WARN_UNUSED_FUNCTION = YES;
				GCC_WARN_UNUSED_VARIABLE = YES;
				IPHONEOS_DEPLOYMENT_TARGET = 10.3;
				MTL_ENABLE_DEBUG_INFO = NO;
				SDKROOT = iphoneos;
				VALIDATE_PRODUCT = YES;
			};
			name = Release;
		};
		011125721F27118800B34EC5 /* Debug */ = {
			isa = XCBuildConfiguration;
			buildSettings = {
				ASSETCATALOG_COMPILER_APPICON_NAME = AppIcon;
				INFOPLIST_FILE = ColorProcess/Info.plist;
				LD_RUNPATH_SEARCH_PATHS = "$(inherited) @executable_path/Frameworks";
				PRODUCT_BUNDLE_IDENTIFIER = com.NightElf.ColorProcess;
				PRODUCT_NAME = "$(TARGET_NAME)";
			};
			name = Debug;
		};
		011125731F27118800B34EC5 /* Release */ = {
			isa = XCBuildConfiguration;
			buildSettings = {
				ASSETCATALOG_COMPILER_APPICON_NAME = AppIcon;
				INFOPLIST_FILE = ColorProcess/Info.plist;
				LD_RUNPATH_SEARCH_PATHS = "$(inherited) @executable_path/Frameworks";
				PRODUCT_BUNDLE_IDENTIFIER = com.NightElf.ColorProcess;
				PRODUCT_NAME = "$(TARGET_NAME)";
			};
			name = Release;
		};
/* End XCBuildConfiguration section */

/* Begin XCConfigurationList section */
		011125551F27118800B34EC5 /* Build configuration list for PBXProject "ColorProcess" */ = {
			isa = XCConfigurationList;
			buildConfigurations = (
				0111256F1F27118800B34EC5 /* Debug */,
				011125701F27118800B34EC5 /* Release */,
			);
			defaultConfigurationIsVisible = 0;
			defaultConfigurationName = Release;
		};
		011125711F27118800B34EC5 /* Build configuration list for PBXNativeTarget "ColorProcess" */ = {
			isa = XCConfigurationList;
			buildConfigurations = (
				011125721F27118800B34EC5 /* Debug */,
				011125731F27118800B34EC5 /* Release */,
			);
			defaultConfigurationIsVisible = 0;
		};
/* End XCConfigurationList section */
	};
	rootObject = 011125521F27118800B34EC5 /* Project object */;
}
